{
  "lockfileVersion": 1,
  "workspaces": {
    "": {
      "dependencies": {
        "@tanstack/react-query": "^5.67.2",
      },
    },
  },
  "packages": {
    "@tanstack/query-core": ["@tanstack/query-core@5.67.2", "", {}, "sha512-+iaFJ/pt8TaApCk6LuZ0WHS/ECVfTzrxDOEL9HH9Dayyb5OVuomLzDXeSaI2GlGT/8HN7bDGiRXDts3LV+u6ww=="],

    "@tanstack/react-query": ["@tanstack/react-query@5.67.2", "", { "dependencies": { "@tanstack/query-core": "5.67.2" }, "peerDependencies": { "react": "^18 || ^19" } }, "sha512-6Sa+BVNJWhAV4QHvIqM73norNeGRWGC3ftN0Ix87cmMvI215I1wyJ44KUTt/9a0V9YimfGcg25AITaYVel71Og=="],

    "react": ["react@19.0.0", "", {}, "sha512-V8AVnmPIICiWpGfm6GLzCR/W5FXLchHop40W4nXBmdlEceh16rCN8O8LNWm5bh5XUX91fh7KpA+W0TgMKmgTpQ=="],
  }
}
